
Microsoft Visual Studio Solution File, Format Version 12.00
# Visual Studio Version 16
VisualStudioVersion = 16.0.34301.259
MinimumVisualStudioVersion = 10.0.40219.1
Project("{FAE04EC0-301F-11D3-BF4B-00C04F79EFBC}") = "Main Method Assignment", "Main Method Assignment\Main Method Assignment.csproj", "{43067A42-74BE-4A5D-B0C3-5D8DF94EC89E}"
EndProject
Global
	GlobalSection(SolutionConfigurationPlatforms) = preSolution
		Debug|Any CPU = Debug|Any CPU
		Release|Any CPU = Release|Any CPU
	EndGlobalSection
	GlobalSection(ProjectConfigurationPlatforms) = postSolution
		{43067A42-74BE-4A5D-B0C3-5D8DF94EC89E}.Debug|Any CPU.ActiveCfg = Debug|Any CPU
		{43067A42-74BE-4A5D-B0C3-5D8DF94EC89E}.Debug|Any CPU.Build.0 = Debug|Any CPU
		{43067A42-74BE-4A5D-B0C3-5D8DF94EC89E}.Release|Any CPU.ActiveCfg = Release|Any CPU
		{43067A42-74BE-4A5D-B0C3-5D8DF94EC89E}.Release|Any CPU.Build.0 = Release|Any CPU
	EndGlobalSection
	GlobalSection(SolutionProperties) = preSolution
		HideSolutionNode = FALSE
	EndGlobalSection
	GlobalSection(ExtensibilityGlobals) = postSolution
		SolutionGuid = {22C8A041-E37C-4CE1-BF24-B5B0E5223CEE}
	EndGlobalSection
EndGlobal
