
Microsoft Visual Studio Solution File, Format Version 12.00
# Visual Studio Version 16
VisualStudioVersion = 16.0.34301.259
MinimumVisualStudioVersion = 10.0.40219.1
Project("{FAE04EC0-301F-11D3-BF4B-00C04F79EFBC}") = "Math And Comparison Operations Assignment", "Math And Comparison Operations Assignment\Math And Comparison Operations Assignment.csproj", "{5A73E980-0474-4E28-8182-DA56EDFE6F78}"
EndProject
Global
	GlobalSection(SolutionConfigurationPlatforms) = preSolution
		Debug|Any CPU = Debug|Any CPU
		Release|Any CPU = Release|Any CPU
	EndGlobalSection
	GlobalSection(ProjectConfigurationPlatforms) = postSolution
		{5A73E980-0474-4E28-8182-DA56EDFE6F78}.Debug|Any CPU.ActiveCfg = Debug|Any CPU
		{5A73E980-0474-4E28-8182-DA56EDFE6F78}.Debug|Any CPU.Build.0 = Debug|Any CPU
		{5A73E980-0474-4E28-8182-DA56EDFE6F78}.Release|Any CPU.ActiveCfg = Release|Any CPU
		{5A73E980-0474-4E28-8182-DA56EDFE6F78}.Release|Any CPU.Build.0 = Release|Any CPU
	EndGlobalSection
	GlobalSection(SolutionProperties) = preSolution
		HideSolutionNode = FALSE
	EndGlobalSection
	GlobalSection(ExtensibilityGlobals) = postSolution
		SolutionGuid = {A0AD8AB7-4638-4AE7-963B-5E9B79582C85}
	EndGlobalSection
EndGlobal
