
Microsoft Visual Studio Solution File, Format Version 12.00
# Visual Studio Version 16
VisualStudioVersion = 16.0.34301.259
MinimumVisualStudioVersion = 10.0.40219.1
Project("{FAE04EC0-301F-11D3-BF4B-00C04F79EFBC}") = "TryCatch Assignment", "TryCatch Assignment\TryCatch Assignment.csproj", "{DBBF6F29-BC6C-4902-ACA7-919C68B40544}"
EndProject
Global
	GlobalSection(SolutionConfigurationPlatforms) = preSolution
		Debug|Any CPU = Debug|Any CPU
		Release|Any CPU = Release|Any CPU
	EndGlobalSection
	GlobalSection(ProjectConfigurationPlatforms) = postSolution
		{DBBF6F29-BC6C-4902-ACA7-919C68B40544}.Debug|Any CPU.ActiveCfg = Debug|Any CPU
		{DBBF6F29-BC6C-4902-ACA7-919C68B40544}.Debug|Any CPU.Build.0 = Debug|Any CPU
		{DBBF6F29-BC6C-4902-ACA7-919C68B40544}.Release|Any CPU.ActiveCfg = Release|Any CPU
		{DBBF6F29-BC6C-4902-ACA7-919C68B40544}.Release|Any CPU.Build.0 = Release|Any CPU
	EndGlobalSection
	GlobalSection(SolutionProperties) = preSolution
		HideSolutionNode = FALSE
	EndGlobalSection
	GlobalSection(ExtensibilityGlobals) = postSolution
		SolutionGuid = {68A85A92-E457-47C5-ABE7-B5C8A894DD72}
	EndGlobalSection
EndGlobal
