
Microsoft Visual Studio Solution File, Format Version 12.00
# Visual Studio Version 16
VisualStudioVersion = 16.0.34301.259
MinimumVisualStudioVersion = 10.0.40219.1
Project("{FAE04EC0-301F-11D3-BF4B-00C04F79EFBC}") = "StudentCodeFirst", "StudentCodeFirst\StudentCodeFirst.csproj", "{99DBC7B2-498B-4A32-A668-3EC29D564016}"
EndProject
Global
	GlobalSection(SolutionConfigurationPlatforms) = preSolution
		Debug|Any CPU = Debug|Any CPU
		Release|Any CPU = Release|Any CPU
	EndGlobalSection
	GlobalSection(ProjectConfigurationPlatforms) = postSolution
		{99DBC7B2-498B-4A32-A668-3EC29D564016}.Debug|Any CPU.ActiveCfg = Debug|Any CPU
		{99DBC7B2-498B-4A32-A668-3EC29D564016}.Debug|Any CPU.Build.0 = Debug|Any CPU
		{99DBC7B2-498B-4A32-A668-3EC29D564016}.Release|Any CPU.ActiveCfg = Release|Any CPU
		{99DBC7B2-498B-4A32-A668-3EC29D564016}.Release|Any CPU.Build.0 = Release|Any CPU
	EndGlobalSection
	GlobalSection(SolutionProperties) = preSolution
		HideSolutionNode = FALSE
	EndGlobalSection
	GlobalSection(ExtensibilityGlobals) = postSolution
		SolutionGuid = {1AE22823-E336-4793-BDD8-2525E560D756}
	EndGlobalSection
EndGlobal
