
Microsoft Visual Studio Solution File, Format Version 12.00
# Visual Studio Version 16
VisualStudioVersion = 16.0.34301.259
MinimumVisualStudioVersion = 10.0.40219.1
Project("{FAE04EC0-301F-11D3-BF4B-00C04F79EFBC}") = "Datetime Assignment", "Datetime Assignment\Datetime Assignment.csproj", "{54DD7D5C-0482-4A95-8644-F7A6FAC208AE}"
EndProject
Global
	GlobalSection(SolutionConfigurationPlatforms) = preSolution
		Debug|Any CPU = Debug|Any CPU
		Release|Any CPU = Release|Any CPU
	EndGlobalSection
	GlobalSection(ProjectConfigurationPlatforms) = postSolution
		{54DD7D5C-0482-4A95-8644-F7A6FAC208AE}.Debug|Any CPU.ActiveCfg = Debug|Any CPU
		{54DD7D5C-0482-4A95-8644-F7A6FAC208AE}.Debug|Any CPU.Build.0 = Debug|Any CPU
		{54DD7D5C-0482-4A95-8644-F7A6FAC208AE}.Release|Any CPU.ActiveCfg = Release|Any CPU
		{54DD7D5C-0482-4A95-8644-F7A6FAC208AE}.Release|Any CPU.Build.0 = Release|Any CPU
	EndGlobalSection
	GlobalSection(SolutionProperties) = preSolution
		HideSolutionNode = FALSE
	EndGlobalSection
	GlobalSection(ExtensibilityGlobals) = postSolution
		SolutionGuid = {35B80B28-D6BE-4E7F-886D-C9C18EDF9C12}
	EndGlobalSection
EndGlobal
