
Microsoft Visual Studio Solution File, Format Version 12.00
# Visual Studio Version 16
VisualStudioVersion = 16.0.34301.259
MinimumVisualStudioVersion = 10.0.40219.1
Project("{FAE04EC0-301F-11D3-BF4B-00C04F79EFBC}") = "Input Assignment", "Input Assignment\Input Assignment.csproj", "{0A9C6855-EB42-4DD6-9FC7-25CDB797AF5B}"
EndProject
Global
	GlobalSection(SolutionConfigurationPlatforms) = preSolution
		Debug|Any CPU = Debug|Any CPU
		Release|Any CPU = Release|Any CPU
	EndGlobalSection
	GlobalSection(ProjectConfigurationPlatforms) = postSolution
		{0A9C6855-EB42-4DD6-9FC7-25CDB797AF5B}.Debug|Any CPU.ActiveCfg = Debug|Any CPU
		{0A9C6855-EB42-4DD6-9FC7-25CDB797AF5B}.Debug|Any CPU.Build.0 = Debug|Any CPU
		{0A9C6855-EB42-4DD6-9FC7-25CDB797AF5B}.Release|Any CPU.ActiveCfg = Release|Any CPU
		{0A9C6855-EB42-4DD6-9FC7-25CDB797AF5B}.Release|Any CPU.Build.0 = Release|Any CPU
	EndGlobalSection
	GlobalSection(SolutionProperties) = preSolution
		HideSolutionNode = FALSE
	EndGlobalSection
	GlobalSection(ExtensibilityGlobals) = postSolution
		SolutionGuid = {F18EBAFE-9834-4044-BF50-670B9B43A2F5}
	EndGlobalSection
EndGlobal
