
Microsoft Visual Studio Solution File, Format Version 12.00
# Visual Studio Version 16
VisualStudioVersion = 16.0.34301.259
MinimumVisualStudioVersion = 10.0.40219.1
Project("{FAE04EC0-301F-11D3-BF4B-00C04F79EFBC}") = "Method Class Assignment", "Method Class Assignment\Method Class Assignment.csproj", "{59893A55-95CD-42A7-BE37-3692B57B4717}"
EndProject
Global
	GlobalSection(SolutionConfigurationPlatforms) = preSolution
		Debug|Any CPU = Debug|Any CPU
		Release|Any CPU = Release|Any CPU
	EndGlobalSection
	GlobalSection(ProjectConfigurationPlatforms) = postSolution
		{59893A55-95CD-42A7-BE37-3692B57B4717}.Debug|Any CPU.ActiveCfg = Debug|Any CPU
		{59893A55-95CD-42A7-BE37-3692B57B4717}.Debug|Any CPU.Build.0 = Debug|Any CPU
		{59893A55-95CD-42A7-BE37-3692B57B4717}.Release|Any CPU.ActiveCfg = Release|Any CPU
		{59893A55-95CD-42A7-BE37-3692B57B4717}.Release|Any CPU.Build.0 = Release|Any CPU
	EndGlobalSection
	GlobalSection(SolutionProperties) = preSolution
		HideSolutionNode = FALSE
	EndGlobalSection
	GlobalSection(ExtensibilityGlobals) = postSolution
		SolutionGuid = {E9E77DFA-6276-4A8C-A928-1F49C0606FA5}
	EndGlobalSection
EndGlobal
