
Microsoft Visual Studio Solution File, Format Version 12.00
# Visual Studio Version 16
VisualStudioVersion = 16.0.34301.259
MinimumVisualStudioVersion = 10.0.40219.1
Project("{FAE04EC0-301F-11D3-BF4B-00C04F79EFBC}") = "Class Method Assignment", "Class Method Assignment\Class Method Assignment.csproj", "{0E2FFF9F-B399-490A-AFA1-792F6B805210}"
EndProject
Global
	GlobalSection(SolutionConfigurationPlatforms) = preSolution
		Debug|Any CPU = Debug|Any CPU
		Release|Any CPU = Release|Any CPU
	EndGlobalSection
	GlobalSection(ProjectConfigurationPlatforms) = postSolution
		{0E2FFF9F-B399-490A-AFA1-792F6B805210}.Debug|Any CPU.ActiveCfg = Debug|Any CPU
		{0E2FFF9F-B399-490A-AFA1-792F6B805210}.Debug|Any CPU.Build.0 = Debug|Any CPU
		{0E2FFF9F-B399-490A-AFA1-792F6B805210}.Release|Any CPU.ActiveCfg = Release|Any CPU
		{0E2FFF9F-B399-490A-AFA1-792F6B805210}.Release|Any CPU.Build.0 = Release|Any CPU
	EndGlobalSection
	GlobalSection(SolutionProperties) = preSolution
		HideSolutionNode = FALSE
	EndGlobalSection
	GlobalSection(ExtensibilityGlobals) = postSolution
		SolutionGuid = {22B164AB-3044-4EF8-BFD4-6C68B24C41F4}
	EndGlobalSection
EndGlobal
