
Microsoft Visual Studio Solution File, Format Version 12.00
# Visual Studio Version 16
VisualStudioVersion = 16.0.34301.259
MinimumVisualStudioVersion = 10.0.40219.1
Project("{FAE04EC0-301F-11D3-BF4B-00C04F79EFBC}") = "Polymorphism Assignment", "Polymorphism Assignment\Polymorphism Assignment.csproj", "{6B3888A5-C475-4E47-94C8-5B3278E458CD}"
EndProject
Global
	GlobalSection(SolutionConfigurationPlatforms) = preSolution
		Debug|Any CPU = Debug|Any CPU
		Release|Any CPU = Release|Any CPU
	EndGlobalSection
	GlobalSection(ProjectConfigurationPlatforms) = postSolution
		{6B3888A5-C475-4E47-94C8-5B3278E458CD}.Debug|Any CPU.ActiveCfg = Debug|Any CPU
		{6B3888A5-C475-4E47-94C8-5B3278E458CD}.Debug|Any CPU.Build.0 = Debug|Any CPU
		{6B3888A5-C475-4E47-94C8-5B3278E458CD}.Release|Any CPU.ActiveCfg = Release|Any CPU
		{6B3888A5-C475-4E47-94C8-5B3278E458CD}.Release|Any CPU.Build.0 = Release|Any CPU
	EndGlobalSection
	GlobalSection(SolutionProperties) = preSolution
		HideSolutionNode = FALSE
	EndGlobalSection
	GlobalSection(ExtensibilityGlobals) = postSolution
		SolutionGuid = {BC1E8739-E9DC-4B57-AAB6-EEA60BC8B335}
	EndGlobalSection
EndGlobal
